{
  "name": "360 VR-Tour project",
  "lockfileVersion": 2,
  "requires": true,
  "packages": {
    "": {
      "dependencies": {
        "@photo-sphere-viewer/virtual-tour-plugin": "^5.1.1"
      }
    },
    "node_modules/@photo-sphere-viewer/compass-plugin": {
      "version": "5.1.1",
      "resolved": "https://registry.npmjs.org/@photo-sphere-viewer/compass-plugin/-/compass-plugin-5.1.1.tgz",
      "integrity": "sha512-9mDDYEcWDif10QFmXxhiCaZqpjnU8KA2E6mMh7mY15pyp109FKWO4gdyJhpf563J6wg7LUyZyebIR2pbY4T9ag==",
      "optional": true,
      "dependencies": {
        "@photo-sphere-viewer/core": "5.1.1"
      },
      "optionalDependencies": {
        "@photo-sphere-viewer/markers-plugin": "5.1.1"
      }
    },
    "node_modules/@photo-sphere-viewer/core": {
      "version": "5.1.1",
      "resolved": "https://registry.npmjs.org/@photo-sphere-viewer/core/-/core-5.1.1.tgz",
      "integrity": "sha512-gV7xQ8904H3aJHszQY6t9yocEH07+2vak3/QDXcEG8INU5CTpRclBThJzgvlxcncAM9dHDmHAbmo8KVkeHgZQw==",
      "dependencies": {
        "three": "^0.149.0"
      }
    },
    "node_modules/@photo-sphere-viewer/gallery-plugin": {
      "version": "5.1.1",
      "resolved": "https://registry.npmjs.org/@photo-sphere-viewer/gallery-plugin/-/gallery-plugin-5.1.1.tgz",
      "integrity": "sha512-BGmR+/E2FNvAJWo/MTwhYYXgpUyRN+4lYcQsCZdCqxhJNaHJzammm18TFG95QzkevQea60gOEp6Hs8xfhdEqDQ==",
      "optional": true,
      "dependencies": {
        "@photo-sphere-viewer/core": "5.1.1"
      }
    },
    "node_modules/@photo-sphere-viewer/markers-plugin": {
      "version": "5.1.1",
      "resolved": "https://registry.npmjs.org/@photo-sphere-viewer/markers-plugin/-/markers-plugin-5.1.1.tgz",
      "integrity": "sha512-HgnIN0+Drc7HCxJXIzBT9BwKkftLduUM6Ssqml8cBCYgk023s2z9Y5e9an6RC5X9LLeiyz9me1Lit7i+lnMhFQ==",
      "optional": true,
      "dependencies": {
        "@photo-sphere-viewer/core": "5.1.1"
      }
    },
    "node_modules/@photo-sphere-viewer/virtual-tour-plugin": {
      "version": "5.1.1",
      "resolved": "https://registry.npmjs.org/@photo-sphere-viewer/virtual-tour-plugin/-/virtual-tour-plugin-5.1.1.tgz",
      "integrity": "sha512-jZjb+HkpUCDIkNLHW2ngo5Dwso3RfMYOnGQgrqCPtSCJc5jjWE6EILw6+SkFnVPHSCv3FX2ZFrpIBVuLNuoLDQ==",
      "dependencies": {
        "@photo-sphere-viewer/core": "5.1.1"
      },
      "optionalDependencies": {
        "@photo-sphere-viewer/compass-plugin": "5.1.1",
        "@photo-sphere-viewer/gallery-plugin": "5.1.1",
        "@photo-sphere-viewer/markers-plugin": "5.1.1"
      }
    },
    "node_modules/three": {
      "version": "0.149.0",
      "resolved": "https://registry.npmjs.org/three/-/three-0.149.0.tgz",
      "integrity": "sha512-tohpUxPDht0qExRLDTM8sjRLc5d9STURNrdnK3w9A+V4pxaTBfKWWT/IqtiLfg23Vfc3Z+ImNfvRw1/0CtxrkQ=="
    }
  },
  "dependencies": {
    "@photo-sphere-viewer/compass-plugin": {
      "version": "5.1.1",
      "resolved": "https://registry.npmjs.org/@photo-sphere-viewer/compass-plugin/-/compass-plugin-5.1.1.tgz",
      "integrity": "sha512-9mDDYEcWDif10QFmXxhiCaZqpjnU8KA2E6mMh7mY15pyp109FKWO4gdyJhpf563J6wg7LUyZyebIR2pbY4T9ag==",
      "optional": true,
      "requires": {
        "@photo-sphere-viewer/core": "5.1.1",
        "@photo-sphere-viewer/markers-plugin": "5.1.1"
      }
    },
    "@photo-sphere-viewer/core": {
      "version": "5.1.1",
      "resolved": "https://registry.npmjs.org/@photo-sphere-viewer/core/-/core-5.1.1.tgz",
      "integrity": "sha512-gV7xQ8904H3aJHszQY6t9yocEH07+2vak3/QDXcEG8INU5CTpRclBThJzgvlxcncAM9dHDmHAbmo8KVkeHgZQw==",
      "requires": {
        "three": "^0.149.0"
      }
    },
    "@photo-sphere-viewer/gallery-plugin": {
      "version": "5.1.1",
      "resolved": "https://registry.npmjs.org/@photo-sphere-viewer/gallery-plugin/-/gallery-plugin-5.1.1.tgz",
      "integrity": "sha512-BGmR+/E2FNvAJWo/MTwhYYXgpUyRN+4lYcQsCZdCqxhJNaHJzammm18TFG95QzkevQea60gOEp6Hs8xfhdEqDQ==",
      "optional": true,
      "requires": {
        "@photo-sphere-viewer/core": "5.1.1"
      }
    },
    "@photo-sphere-viewer/markers-plugin": {
      "version": "5.1.1",
      "resolved": "https://registry.npmjs.org/@photo-sphere-viewer/markers-plugin/-/markers-plugin-5.1.1.tgz",
      "integrity": "sha512-HgnIN0+Drc7HCxJXIzBT9BwKkftLduUM6Ssqml8cBCYgk023s2z9Y5e9an6RC5X9LLeiyz9me1Lit7i+lnMhFQ==",
      "optional": true,
      "requires": {
        "@photo-sphere-viewer/core": "5.1.1"
      }
    },
    "@photo-sphere-viewer/virtual-tour-plugin": {
      "version": "5.1.1",
      "resolved": "https://registry.npmjs.org/@photo-sphere-viewer/virtual-tour-plugin/-/virtual-tour-plugin-5.1.1.tgz",
      "integrity": "sha512-jZjb+HkpUCDIkNLHW2ngo5Dwso3RfMYOnGQgrqCPtSCJc5jjWE6EILw6+SkFnVPHSCv3FX2ZFrpIBVuLNuoLDQ==",
      "requires": {
        "@photo-sphere-viewer/compass-plugin": "5.1.1",
        "@photo-sphere-viewer/core": "5.1.1",
        "@photo-sphere-viewer/gallery-plugin": "5.1.1",
        "@photo-sphere-viewer/markers-plugin": "5.1.1"
      }
    },
    "three": {
      "version": "0.149.0",
      "resolved": "https://registry.npmjs.org/three/-/three-0.149.0.tgz",
      "integrity": "sha512-tohpUxPDht0qExRLDTM8sjRLc5d9STURNrdnK3w9A+V4pxaTBfKWWT/IqtiLfg23Vfc3Z+ImNfvRw1/0CtxrkQ=="
    }
  }
}
